<<<<<<< HEAD
﻿
Microsoft Visual Studio Solution File, Format Version 12.00
# Visual Studio 14
VisualStudioVersion = 14.0.23107.0
MinimumVisualStudioVersion = 10.0.40219.1
Project("{FAE04EC0-301F-11D3-BF4B-00C04F79EFBC}") = "lazySQL", "lazySQL\lazySQL.csproj", "{6572FA51-159F-4CE0-BC32-78D4FC8C08F8}"
EndProject
Global
	GlobalSection(SolutionConfigurationPlatforms) = preSolution
		Debug|Any CPU = Debug|Any CPU
		Release|Any CPU = Release|Any CPU
	EndGlobalSection
	GlobalSection(ProjectConfigurationPlatforms) = postSolution
		{6572FA51-159F-4CE0-BC32-78D4FC8C08F8}.Debug|Any CPU.ActiveCfg = Debug|Any CPU
		{6572FA51-159F-4CE0-BC32-78D4FC8C08F8}.Debug|Any CPU.Build.0 = Debug|Any CPU
		{6572FA51-159F-4CE0-BC32-78D4FC8C08F8}.Release|Any CPU.ActiveCfg = Release|Any CPU
		{6572FA51-159F-4CE0-BC32-78D4FC8C08F8}.Release|Any CPU.Build.0 = Release|Any CPU
	EndGlobalSection
	GlobalSection(SolutionProperties) = preSolution
		HideSolutionNode = FALSE
	EndGlobalSection
EndGlobal
=======
﻿
Microsoft Visual Studio Solution File, Format Version 12.00
# Visual Studio 14
VisualStudioVersion = 14.0.23107.0
MinimumVisualStudioVersion = 10.0.40219.1
Project("{FAE04EC0-301F-11D3-BF4B-00C04F79EFBC}") = "lazySQL", "lazySQL\lazySQL.csproj", "{6572FA51-159F-4CE0-BC32-78D4FC8C08F8}"
EndProject
Global
	GlobalSection(SolutionConfigurationPlatforms) = preSolution
		Debug|Any CPU = Debug|Any CPU
		Release|Any CPU = Release|Any CPU
	EndGlobalSection
	GlobalSection(ProjectConfigurationPlatforms) = postSolution
		{6572FA51-159F-4CE0-BC32-78D4FC8C08F8}.Debug|Any CPU.ActiveCfg = Debug|Any CPU
		{6572FA51-159F-4CE0-BC32-78D4FC8C08F8}.Debug|Any CPU.Build.0 = Debug|Any CPU
		{6572FA51-159F-4CE0-BC32-78D4FC8C08F8}.Release|Any CPU.ActiveCfg = Release|Any CPU
		{6572FA51-159F-4CE0-BC32-78D4FC8C08F8}.Release|Any CPU.Build.0 = Release|Any CPU
	EndGlobalSection
	GlobalSection(SolutionProperties) = preSolution
		HideSolutionNode = FALSE
	EndGlobalSection
EndGlobal
>>>>>>> 2c37c2b23ef6cc05e6bffe4cb21e01e9d6b9658b
